
Microsoft Visual Studio Solution File, Format Version 12.00
# Visual Studio Version 16
VisualStudioVersion = 16.0.29215.179
MinimumVisualStudioVersion = 10.0.40219.1
Project("{FAE04EC0-301F-11D3-BF4B-00C04F79EFBC}") = "A2WaspDatabase", "A2WaspDatabase.csproj", "{F22AE012-4762-4212-9242-998F6D5B1B26}"
EndProject
Global
	GlobalSection(SolutionConfigurationPlatforms) = preSolution
		Debug|Any CPU = Debug|Any CPU
		Release|Any CPU = Release|Any CPU
	EndGlobalSection
	GlobalSection(ProjectConfigurationPlatforms) = postSolution
		{F22AE012-4762-4212-9242-998F6D5B1B26}.Debug|Any CPU.ActiveCfg = Debug|Any CPU
		{F22AE012-4762-4212-9242-998F6D5B1B26}.Debug|Any CPU.Build.0 = Debug|Any CPU
		{F22AE012-4762-4212-9242-998F6D5B1B26}.Release|Any CPU.ActiveCfg = Release|Any CPU
		{F22AE012-4762-4212-9242-998F6D5B1B26}.Release|Any CPU.Build.0 = Release|Any CPU
	EndGlobalSection
	GlobalSection(SolutionProperties) = preSolution
		HideSolutionNode = FALSE
	EndGlobalSection
	GlobalSection(ExtensibilityGlobals) = postSolution
		SolutionGuid = {152A6DCB-4E1D-406F-8F6D-7D411D622FAA}
	EndGlobalSection
EndGlobal
